# THIS IS AN AUTOGENERATED FILE. DO NOT EDIT THIS FILE DIRECTLY.
# yarn lockfile v1


"@types/eslint@6.8.0":
  version "6.8.0"
  resolved "https://registry.yarnpkg.com/@types/eslint/-/eslint-6.8.0.tgz#5f2289b9f01316da7cf31c9e63109a10602a23cb"
  integrity sha512-hqzmggoxkOubpgTdcOltkfc5N8IftRJqU70d1jbOISjjZVPvjcr+CLi2CI70hx1SUIRkLgpglTy9w28nGe2Hsw==
  dependencies:
    "@types/estree" "*"
    "@types/json-schema" "*"

"@types/estree@*":
  version "0.0.44"
  resolved "https://registry.yarnpkg.com/@types/estree/-/estree-0.0.44.tgz#980cc5a29a3ef3bea6ff1f7d021047d7ea575e21"
  integrity sha512-iaIVzr+w2ZJ5HkidlZ3EJM8VTZb2MJLCjw3V+505yVts0gRC4UMvjw0d1HPtGqI/HQC/KdsYtayfzl+AXY2R8g==

"@types/json-schema@*":
  version "7.0.4"
  resolved "https://registry.yarnpkg.com/@types/json-schema/-/json-schema-7.0.4.tgz#38fd73ddfd9b55abb1e1b2ed578cb55bd7b7d339"
  integrity sha512-8+KAKzEvSUdeo+kmqnKrqgeE+LcA0tjYWFY7RPProVYwnqDjukzO+3b6dLD56rYX5TdWejnEOLJYOIeh4CXKuA==
